// !$*UTF8*$!
{
	archiveVersion = 1;
	classes = {
	};
	objectVersion = 56;
	objects = {

/* Begin PBXBuildFile section */
		2A56C0452C27C1EB00FC9DF7 /* URL+Extension.swift in Sources */ = {isa = PBXBuildFile; fileRef = 2A56C0442C27C1EB00FC9DF7 /* URL+Extension.swift */; };
		2AD411C22C25AC910025F05E /* APINetwork.swift in Sources */ = {isa = PBXBuildFile; fileRef = 2AD411C12C25AC910025F05E /* APINetwork.swift */; };
		2AD411C42C25AD5D0025F05E /* LoanDetailView.swift in Sources */ = {isa = PBXBuildFile; fileRef = 2AD411C32C25AD5D0025F05E /* LoanDetailView.swift */; };
		2AD411C62C25AD640025F05E /* ViewModel.swift in Sources */ = {isa = PBXBuildFile; fileRef = 2AD411C52C25AD640025F05E /* ViewModel.swift */; };
		2AD5B1892C25A8D90085B937 /* LoanTrackerApp.swift in Sources */ = {isa = PBXBuildFile; fileRef = 2AD5B1882C25A8D90085B937 /* LoanTrackerApp.swift */; };
		2AD5B18B2C25A8D90085B937 /* ContentView.swift in Sources */ = {isa = PBXBuildFile; fileRef = 2AD5B18A2C25A8D90085B937 /* ContentView.swift */; };
		2AD5B18D2C25A8DA0085B937 /* Assets.xcassets in Resources */ = {isa = PBXBuildFile; fileRef = 2AD5B18C2C25A8DA0085B937 /* Assets.xcassets */; };
		2AD5B1902C25A8DA0085B937 /* Preview Assets.xcassets in Resources */ = {isa = PBXBuildFile; fileRef = 2AD5B18F2C25A8DA0085B937 /* Preview Assets.xcassets */; };
		2AD5B19A2C25AC660085B937 /* Model.swift in Sources */ = {isa = PBXBuildFile; fileRef = 2AD5B1992C25AC660085B937 /* Model.swift */; };
/* End PBXBuildFile section */

/* Begin PBXFileReference section */
		2A56C0442C27C1EB00FC9DF7 /* URL+Extension.swift */ = {isa = PBXFileReference; lastKnownFileType = sourcecode.swift; path = "URL+Extension.swift"; sourceTree = "<group>"; };
		2AD411C12C25AC910025F05E /* APINetwork.swift */ = {isa = PBXFileReference; lastKnownFileType = sourcecode.swift; path = APINetwork.swift; sourceTree = "<group>"; };
		2AD411C32C25AD5D0025F05E /* LoanDetailView.swift */ = {isa = PBXFileReference; lastKnownFileType = sourcecode.swift; path = LoanDetailView.swift; sourceTree = "<group>"; };
		2AD411C52C25AD640025F05E /* ViewModel.swift */ = {isa = PBXFileReference; lastKnownFileType = sourcecode.swift; path = ViewModel.swift; sourceTree = "<group>"; };
		2AD5B1852C25A8D90085B937 /* LoanTracker.app */ = {isa = PBXFileReference; explicitFileType = wrapper.application; includeInIndex = 0; path = LoanTracker.app; sourceTree = BUILT_PRODUCTS_DIR; };
		2AD5B1882C25A8D90085B937 /* LoanTrackerApp.swift */ = {isa = PBXFileReference; lastKnownFileType = sourcecode.swift; path = LoanTrackerApp.swift; sourceTree = "<group>"; };
		2AD5B18A2C25A8D90085B937 /* ContentView.swift */ = {isa = PBXFileReference; lastKnownFileType = sourcecode.swift; path = ContentView.swift; sourceTree = "<group>"; };
		2AD5B18C2C25A8DA0085B937 /* Assets.xcassets */ = {isa = PBXFileReference; lastKnownFileType = folder.assetcatalog; path = Assets.xcassets; sourceTree = "<group>"; };
		2AD5B18F2C25A8DA0085B937 /* Preview Assets.xcassets */ = {isa = PBXFileReference; lastKnownFileType = folder.assetcatalog; path = "Preview Assets.xcassets"; sourceTree = "<group>"; };
		2AD5B1992C25AC660085B937 /* Model.swift */ = {isa = PBXFileReference; lastKnownFileType = sourcecode.swift; path = Model.swift; sourceTree = "<group>"; };
/* End PBXFileReference section */

/* Begin PBXFrameworksBuildPhase section */
		2AD5B1822C25A8D90085B937 /* Frameworks */ = {
			isa = PBXFrameworksBuildPhase;
			buildActionMask = 2147483647;
			files = (
			);
			runOnlyForDeploymentPostprocessing = 0;
		};
/* End PBXFrameworksBuildPhase section */

/* Begin PBXGroup section */
		2AD5B17C2C25A8D90085B937 = {
			isa = PBXGroup;
			children = (
				2AD5B1872C25A8D90085B937 /* LoanTracker */,
				2AD5B1862C25A8D90085B937 /* Products */,
			);
			sourceTree = "<group>";
		};
		2AD5B1862C25A8D90085B937 /* Products */ = {
			isa = PBXGroup;
			children = (
				2AD5B1852C25A8D90085B937 /* LoanTracker.app */,
			);
			name = Products;
			sourceTree = "<group>";
		};
		2AD5B1872C25A8D90085B937 /* LoanTracker */ = {
			isa = PBXGroup;
			children = (
				2AD5B1982C25AC5A0085B937 /* ViewModel */,
				2AD5B1972C25AC560085B937 /* View */,
				2AD5B1962C25AC510085B937 /* Model */,
				2AD411C12C25AC910025F05E /* APINetwork.swift */,
				2AD5B1882C25A8D90085B937 /* LoanTrackerApp.swift */,
				2AD5B18A2C25A8D90085B937 /* ContentView.swift */,
				2AD5B18C2C25A8DA0085B937 /* Assets.xcassets */,
				2AD5B18E2C25A8DA0085B937 /* Preview Content */,
				2A56C0442C27C1EB00FC9DF7 /* URL+Extension.swift */,
			);
			path = LoanTracker;
			sourceTree = "<group>";
		};
		2AD5B18E2C25A8DA0085B937 /* Preview Content */ = {
			isa = PBXGroup;
			children = (
				2AD5B18F2C25A8DA0085B937 /* Preview Assets.xcassets */,
			);
			path = "Preview Content";
			sourceTree = "<group>";
		};
		2AD5B1962C25AC510085B937 /* Model */ = {
			isa = PBXGroup;
			children = (
				2AD5B1992C25AC660085B937 /* Model.swift */,
			);
			path = Model;
			sourceTree = "<group>";
		};
		2AD5B1972C25AC560085B937 /* View */ = {
			isa = PBXGroup;
			children = (
				2AD411C32C25AD5D0025F05E /* LoanDetailView.swift */,
			);
			path = View;
			sourceTree = "<group>";
		};
		2AD5B1982C25AC5A0085B937 /* ViewModel */ = {
			isa = PBXGroup;
			children = (
				2AD411C52C25AD640025F05E /* ViewModel.swift */,
			);
			path = ViewModel;
			sourceTree = "<group>";
		};
/* End PBXGroup section */

/* Begin PBXNativeTarget section */
		2AD5B1842C25A8D90085B937 /* LoanTracker */ = {
			isa = PBXNativeTarget;
			buildConfigurationList = 2AD5B1932C25A8DA0085B937 /* Build configuration list for PBXNativeTarget "LoanTracker" */;
			buildPhases = (
				2AD5B1812C25A8D90085B937 /* Sources */,
				2AD5B1822C25A8D90085B937 /* Frameworks */,
				2AD5B1832C25A8D90085B937 /* Resources */,
			);
			buildRules = (
			);
			dependencies = (
			);
			name = LoanTracker;
			productName = LoanTracker;
			productReference = 2AD5B1852C25A8D90085B937 /* LoanTracker.app */;
			productType = "com.apple.product-type.application";
		};
/* End PBXNativeTarget section */

/* Begin PBXProject section */
		2AD5B17D2C25A8D90085B937 /* Project object */ = {
			isa = PBXProject;
			attributes = {
				BuildIndependentTargetsInParallel = 1;
				LastSwiftUpdateCheck = 1540;
				LastUpgradeCheck = 1540;
				TargetAttributes = {
					2AD5B1842C25A8D90085B937 = {
						CreatedOnToolsVersion = 15.4;
					};
				};
			};
			buildConfigurationList = 2AD5B1802C25A8D90085B937 /* Build configuration list for PBXProject "LoanTracker" */;
			compatibilityVersion = "Xcode 14.0";
			developmentRegion = en;
			hasScannedForEncodings = 0;
			knownRegions = (
				en,
				Base,
			);
			mainGroup = 2AD5B17C2C25A8D90085B937;
			productRefGroup = 2AD5B1862C25A8D90085B937 /* Products */;
			projectDirPath = "";
			projectRoot = "";
			targets = (
				2AD5B1842C25A8D90085B937 /* LoanTracker */,
			);
		};
/* End PBXProject section */

/* Begin PBXResourcesBuildPhase section */
		2AD5B1832C25A8D90085B937 /* Resources */ = {
			isa = PBXResourcesBuildPhase;
			buildActionMask = 2147483647;
			files = (
				2AD5B1902C25A8DA0085B937 /* Preview Assets.xcassets in Resources */,
				2AD5B18D2C25A8DA0085B937 /* Assets.xcassets in Resources */,
			);
			runOnlyForDeploymentPostprocessing = 0;
		};
/* End PBXResourcesBuildPhase section */

/* Begin PBXSourcesBuildPhase section */
		2AD5B1812C25A8D90085B937 /* Sources */ = {
			isa = PBXSourcesBuildPhase;
			buildActionMask = 2147483647;
			files = (
				2AD5B19A2C25AC660085B937 /* Model.swift in Sources */,
				2AD5B18B2C25A8D90085B937 /* ContentView.swift in Sources */,
				2AD411C42C25AD5D0025F05E /* LoanDetailView.swift in Sources */,
				2AD411C22C25AC910025F05E /* APINetwork.swift in Sources */,
				2AD411C62C25AD640025F05E /* ViewModel.swift in Sources */,
				2A56C0452C27C1EB00FC9DF7 /* URL+Extension.swift in Sources */,
				2AD5B1892C25A8D90085B937 /* LoanTrackerApp.swift in Sources */,
			);
			runOnlyForDeploymentPostprocessing = 0;
		};
/* End PBXSourcesBuildPhase section */

/* Begin XCBuildConfiguration section */
		2AD5B1912C25A8DA0085B937 /* Debug */ = {
			isa = XCBuildConfiguration;
			buildSettings = {
				ALWAYS_SEARCH_USER_PATHS = NO;
				ASSETCATALOG_COMPILER_GENERATE_SWIFT_ASSET_SYMBOL_EXTENSIONS = YES;
				CLANG_ANALYZER_NONNULL = YES;
				CLANG_ANALYZER_NUMBER_OBJECT_CONVERSION = YES_AGGRESSIVE;
				CLANG_CXX_LANGUAGE_STANDARD = "gnu++20";
				CLANG_ENABLE_MODULES = YES;
				CLANG_ENABLE_OBJC_ARC = YES;
				CLANG_ENABLE_OBJC_WEAK = YES;
				CLANG_WARN_BLOCK_CAPTURE_AUTORELEASING = YES;
				CLANG_WARN_BOOL_CONVERSION = YES;
				CLANG_WARN_COMMA = YES;
				CLANG_WARN_CONSTANT_CONVERSION = YES;
				CLANG_WARN_DEPRECATED_OBJC_IMPLEMENTATIONS = YES;
				CLANG_WARN_DIRECT_OBJC_ISA_USAGE = YES_ERROR;
				CLANG_WARN_DOCUMENTATION_COMMENTS = YES;
				CLANG_WARN_EMPTY_BODY = YES;
				CLANG_WARN_ENUM_CONVERSION = YES;
				CLANG_WARN_INFINITE_RECURSION = YES;
				CLANG_WARN_INT_CONVERSION = YES;
				CLANG_WARN_NON_LITERAL_NULL_CONVERSION = YES;
				CLANG_WARN_OBJC_IMPLICIT_RETAIN_SELF = YES;
				CLANG_WARN_OBJC_LITERAL_CONVERSION = YES;
				CLANG_WARN_OBJC_ROOT_CLASS = YES_ERROR;
				CLANG_WARN_QUOTED_INCLUDE_IN_FRAMEWORK_HEADER = YES;
				CLANG_WARN_RANGE_LOOP_ANALYSIS = YES;
				CLANG_WARN_STRICT_PROTOTYPES = YES;
				CLANG_WARN_SUSPICIOUS_MOVE = YES;
				CLANG_WARN_UNGUARDED_AVAILABILITY = YES_AGGRESSIVE;
				CLANG_WARN_UNREACHABLE_CODE = YES;
				CLANG_WARN__DUPLICATE_METHOD_MATCH = YES;
				COPY_PHASE_STRIP = NO;
				DEBUG_INFORMATION_FORMAT = dwarf;
				ENABLE_STRICT_OBJC_MSGSEND = YES;
				ENABLE_TESTABILITY = YES;
				ENABLE_USER_SCRIPT_SANDBOXING = YES;
				GCC_C_LANGUAGE_STANDARD = gnu17;
				GCC_DYNAMIC_NO_PIC = NO;
				GCC_NO_COMMON_BLOCKS = YES;
				GCC_OPTIMIZATION_LEVEL = 0;
				GCC_PREPROCESSOR_DEFINITIONS = (
					"DEBUG=1",
					"$(inherited)",
				);
				GCC_WARN_64_TO_32_BIT_CONVERSION = YES;
				GCC_WARN_ABOUT_RETURN_TYPE = YES_ERROR;
				GCC_WARN_UNDECLARED_SELECTOR = YES;
				GCC_WARN_UNINITIALIZED_AUTOS = YES_AGGRESSIVE;
				GCC_WARN_UNUSED_FUNCTION = YES;
				GCC_WARN_UNUSED_VARIABLE = YES;
				IPHONEOS_DEPLOYMENT_TARGET = 17.5;
				LOCALIZATION_PREFERS_STRING_CATALOGS = YES;
				MTL_ENABLE_DEBUG_INFO = INCLUDE_SOURCE;
				MTL_FAST_MATH = YES;
				ONLY_ACTIVE_ARCH = YES;
				SDKROOT = iphoneos;
				SWIFT_ACTIVE_COMPILATION_CONDITIONS = "DEBUG $(inherited)";
				SWIFT_OPTIMIZATION_LEVEL = "-Onone";
			};
			name = Debug;
		};
		2AD5B1922C25A8DA0085B937 /* Release */ = {
			isa = XCBuildConfiguration;
			buildSettings = {
				ALWAYS_SEARCH_USER_PATHS = NO;
				ASSETCATALOG_COMPILER_GENERATE_SWIFT_ASSET_SYMBOL_EXTENSIONS = YES;
				CLANG_ANALYZER_NONNULL = YES;
				CLANG_ANALYZER_NUMBER_OBJECT_CONVERSION = YES_AGGRESSIVE;
				CLANG_CXX_LANGUAGE_STANDARD = "gnu++20";
				CLANG_ENABLE_MODULES = YES;
				CLANG_ENABLE_OBJC_ARC = YES;
				CLANG_ENABLE_OBJC_WEAK = YES;
				CLANG_WARN_BLOCK_CAPTURE_AUTORELEASING = YES;
				CLANG_WARN_BOOL_CONVERSION = YES;
				CLANG_WARN_COMMA = YES;
				CLANG_WARN_CONSTANT_CONVERSION = YES;
				CLANG_WARN_DEPRECATED_OBJC_IMPLEMENTATIONS = YES;
				CLANG_WARN_DIRECT_OBJC_ISA_USAGE = YES_ERROR;
				CLANG_WARN_DOCUMENTATION_COMMENTS = YES;
				CLANG_WARN_EMPTY_BODY = YES;
				CLANG_WARN_ENUM_CONVERSION = YES;
				CLANG_WARN_INFINITE_RECURSION = YES;
				CLANG_WARN_INT_CONVERSION = YES;
				CLANG_WARN_NON_LITERAL_NULL_CONVERSION = YES;
				CLANG_WARN_OBJC_IMPLICIT_RETAIN_SELF = YES;
				CLANG_WARN_OBJC_LITERAL_CONVERSION = YES;
				CLANG_WARN_OBJC_ROOT_CLASS = YES_ERROR;
				CLANG_WARN_QUOTED_INCLUDE_IN_FRAMEWORK_HEADER = YES;
				CLANG_WARN_RANGE_LOOP_ANALYSIS = YES;
				CLANG_WARN_STRICT_PROTOTYPES = YES;
				CLANG_WARN_SUSPICIOUS_MOVE = YES;
				CLANG_WARN_UNGUARDED_AVAILABILITY = YES_AGGRESSIVE;
				CLANG_WARN_UNREACHABLE_CODE = YES;
				CLANG_WARN__DUPLICATE_METHOD_MATCH = YES;
				COPY_PHASE_STRIP = NO;
				DEBUG_INFORMATION_FORMAT = "dwarf-with-dsym";
				ENABLE_NS_ASSERTIONS = NO;
				ENABLE_STRICT_OBJC_MSGSEND = YES;
				ENABLE_USER_SCRIPT_SANDBOXING = YES;
				GCC_C_LANGUAGE_STANDARD = gnu17;
				GCC_NO_COMMON_BLOCKS = YES;
				GCC_WARN_64_TO_32_BIT_CONVERSION = YES;
				GCC_WARN_ABOUT_RETURN_TYPE = YES_ERROR;
				GCC_WARN_UNDECLARED_SELECTOR = YES;
				GCC_WARN_UNINITIALIZED_AUTOS = YES_AGGRESSIVE;
				GCC_WARN_UNUSED_FUNCTION = YES;
				GCC_WARN_UNUSED_VARIABLE = YES;
				IPHONEOS_DEPLOYMENT_TARGET = 17.5;
				LOCALIZATION_PREFERS_STRING_CATALOGS = YES;
				MTL_ENABLE_DEBUG_INFO = NO;
				MTL_FAST_MATH = YES;
				SDKROOT = iphoneos;
				SWIFT_COMPILATION_MODE = wholemodule;
				VALIDATE_PRODUCT = YES;
			};
			name = Release;
		};
		2AD5B1942C25A8DA0085B937 /* Debug */ = {
			isa = XCBuildConfiguration;
			buildSettings = {
				ASSETCATALOG_COMPILER_APPICON_NAME = AppIcon;
				ASSETCATALOG_COMPILER_GLOBAL_ACCENT_COLOR_NAME = AccentColor;
				CODE_SIGN_STYLE = Automatic;
				CURRENT_PROJECT_VERSION = 1;
				DEVELOPMENT_ASSET_PATHS = "\"LoanTracker/Preview Content\"";
				DEVELOPMENT_TEAM = 4DH7DFD2TB;
				ENABLE_PREVIEWS = YES;
				GENERATE_INFOPLIST_FILE = YES;
				INFOPLIST_KEY_UIApplicationSceneManifest_Generation = YES;
				INFOPLIST_KEY_UIApplicationSupportsIndirectInputEvents = YES;
				INFOPLIST_KEY_UILaunchScreen_Generation = YES;
				INFOPLIST_KEY_UISupportedInterfaceOrientations = UIInterfaceOrientationPortrait;
				INFOPLIST_KEY_UISupportedInterfaceOrientations_iPad = "UIInterfaceOrientationLandscapeLeft UIInterfaceOrientationLandscapeRight UIInterfaceOrientationPortrait UIInterfaceOrientationPortraitUpsideDown";
				IPHONEOS_DEPLOYMENT_TARGET = 13.1;
				LD_RUNPATH_SEARCH_PATHS = (
					"$(inherited)",
					"@executable_path/Frameworks",
				);
				MARKETING_VERSION = 1.0;
				PRODUCT_BUNDLE_IDENTIFIER = com.DekaPrimatio.LoanTracker;
				PRODUCT_NAME = "$(TARGET_NAME)";
				SWIFT_EMIT_LOC_STRINGS = YES;
				SWIFT_VERSION = 5.0;
				TARGETED_DEVICE_FAMILY = "1,2";
			};
			name = Debug;
		};
		2AD5B1952C25A8DA0085B937 /* Release */ = {
			isa = XCBuildConfiguration;
			buildSettings = {
				ASSETCATALOG_COMPILER_APPICON_NAME = AppIcon;
				ASSETCATALOG_COMPILER_GLOBAL_ACCENT_COLOR_NAME = AccentColor;
				CODE_SIGN_STYLE = Automatic;
				CURRENT_PROJECT_VERSION = 1;
				DEVELOPMENT_ASSET_PATHS = "\"LoanTracker/Preview Content\"";
				DEVELOPMENT_TEAM = 4DH7DFD2TB;
				ENABLE_PREVIEWS = YES;
				GENERATE_INFOPLIST_FILE = YES;
				INFOPLIST_KEY_UIApplicationSceneManifest_Generation = YES;
				INFOPLIST_KEY_UIApplicationSupportsIndirectInputEvents = YES;
				INFOPLIST_KEY_UILaunchScreen_Generation = YES;
				INFOPLIST_KEY_UISupportedInterfaceOrientations = UIInterfaceOrientationPortrait;
				INFOPLIST_KEY_UISupportedInterfaceOrientations_iPad = "UIInterfaceOrientationLandscapeLeft UIInterfaceOrientationLandscapeRight UIInterfaceOrientationPortrait UIInterfaceOrientationPortraitUpsideDown";
				IPHONEOS_DEPLOYMENT_TARGET = 13.1;
				LD_RUNPATH_SEARCH_PATHS = (
					"$(inherited)",
					"@executable_path/Frameworks",
				);
				MARKETING_VERSION = 1.0;
				PRODUCT_BUNDLE_IDENTIFIER = com.DekaPrimatio.LoanTracker;
				PRODUCT_NAME = "$(TARGET_NAME)";
				SWIFT_EMIT_LOC_STRINGS = YES;
				SWIFT_VERSION = 5.0;
				TARGETED_DEVICE_FAMILY = "1,2";
			};
			name = Release;
		};
/* End XCBuildConfiguration section */

/* Begin XCConfigurationList section */
		2AD5B1802C25A8D90085B937 /* Build configuration list for PBXProject "LoanTracker" */ = {
			isa = XCConfigurationList;
			buildConfigurations = (
				2AD5B1912C25A8DA0085B937 /* Debug */,
				2AD5B1922C25A8DA0085B937 /* Release */,
			);
			defaultConfigurationIsVisible = 0;
			defaultConfigurationName = Release;
		};
		2AD5B1932C25A8DA0085B937 /* Build configuration list for PBXNativeTarget "LoanTracker" */ = {
			isa = XCConfigurationList;
			buildConfigurations = (
				2AD5B1942C25A8DA0085B937 /* Debug */,
				2AD5B1952C25A8DA0085B937 /* Release */,
			);
			defaultConfigurationIsVisible = 0;
			defaultConfigurationName = Release;
		};
/* End XCConfigurationList section */
	};
	rootObject = 2AD5B17D2C25A8D90085B937 /* Project object */;
}
